
Microsoft Visual Studio Solution File, Format Version 12.00
# Visual Studio Version 17
VisualStudioVersion = 17.11.35312.102
MinimumVisualStudioVersion = 10.0.40219.1
Project("{FAE04EC0-301F-11D3-BF4B-00C04F79EFBC}") = "NameCube", "NameCube\NameCube.csproj", "{710DCBE6-2310-445D-88E0-CE43D37DDABD}"
	ProjectSection(ProjectDependencies) = postProject
		{BC2134DD-155B-41B3-A257-E307F64EF267} = {BC2134DD-155B-41B3-A257-E307F64EF267}
	EndProjectSection
EndProject
Project("{FAE04EC0-301F-11D3-BF4B-00C04F79EFBC}") = "NameCubeUpdata", "NameCubeUpdata\NameCubeUpdata.csproj", "{BC2134DD-155B-41B3-A257-E307F64EF267}"
EndProject
Global
	GlobalSection(SolutionConfigurationPlatforms) = preSolution
		Debug|Any CPU = Debug|Any CPU
		Release|Any CPU = Release|Any CPU
	EndGlobalSection
	GlobalSection(ProjectConfigurationPlatforms) = postSolution
		{710DCBE6-2310-445D-88E0-CE43D37DDABD}.Debug|Any CPU.ActiveCfg = Debug|Any CPU
		{710DCBE6-2310-445D-88E0-CE43D37DDABD}.Debug|Any CPU.Build.0 = Debug|Any CPU
		{710DCBE6-2310-445D-88E0-CE43D37DDABD}.Release|Any CPU.ActiveCfg = Release|Any CPU
		{710DCBE6-2310-445D-88E0-CE43D37DDABD}.Release|Any CPU.Build.0 = Release|Any CPU
		{BC2134DD-155B-41B3-A257-E307F64EF267}.Debug|Any CPU.ActiveCfg = Debug|Any CPU
		{BC2134DD-155B-41B3-A257-E307F64EF267}.Debug|Any CPU.Build.0 = Debug|Any CPU
		{BC2134DD-155B-41B3-A257-E307F64EF267}.Release|Any CPU.ActiveCfg = Release|Any CPU
		{BC2134DD-155B-41B3-A257-E307F64EF267}.Release|Any CPU.Build.0 = Release|Any CPU
	EndGlobalSection
	GlobalSection(SolutionProperties) = preSolution
		HideSolutionNode = FALSE
	EndGlobalSection
	GlobalSection(ExtensibilityGlobals) = postSolution
		SolutionGuid = {F4AB16ED-4D35-426E-A094-9BE5ED4BF290}
	EndGlobalSection
EndGlobal
